
Microsoft Visual Studio Solution File, Format Version 12.00
# Visual Studio Version 17
VisualStudioVersion = 17.4.33122.133
MinimumVisualStudioVersion = 10.0.40219.1
Project("{FAE04EC0-301F-11D3-BF4B-00C04F79EFBC}") = "StripeWebApi", "StripeWebApi.csproj", "{3708A3D0-25D8-490F-B476-D0E40FE571B5}"
EndProject
Global
	GlobalSection(SolutionConfigurationPlatforms) = preSolution
		Debug|Any CPU = Debug|Any CPU
		Release|Any CPU = Release|Any CPU
	EndGlobalSection
	GlobalSection(ProjectConfigurationPlatforms) = postSolution
		{3708A3D0-25D8-490F-B476-D0E40FE571B5}.Debug|Any CPU.ActiveCfg = Debug|Any CPU
		{3708A3D0-25D8-490F-B476-D0E40FE571B5}.Debug|Any CPU.Build.0 = Debug|Any CPU
		{3708A3D0-25D8-490F-B476-D0E40FE571B5}.Release|Any CPU.ActiveCfg = Release|Any CPU
		{3708A3D0-25D8-490F-B476-D0E40FE571B5}.Release|Any CPU.Build.0 = Release|Any CPU
	EndGlobalSection
	GlobalSection(SolutionProperties) = preSolution
		HideSolutionNode = FALSE
	EndGlobalSection
	GlobalSection(ExtensibilityGlobals) = postSolution
		SolutionGuid = {5DD2CBD5-FBEF-41B1-8451-1015792A9CC5}
	EndGlobalSection
EndGlobal
